
Microsoft Visual Studio Solution File, Format Version 12.00
Project("{FAE04EC0-301F-11D3-BF4B-00C04F79EFBC}") = "BlazorWeb", "BlazorWeb\BlazorWeb.csproj", "{DC330220-C240-4819-9B36-09926CCDEC14}"
EndProject
Global
	GlobalSection(SolutionConfigurationPlatforms) = preSolution
		Debug|Any CPU = Debug|Any CPU
		Release|Any CPU = Release|Any CPU
	EndGlobalSection
	GlobalSection(ProjectConfigurationPlatforms) = postSolution
		{DC330220-C240-4819-9B36-09926CCDEC14}.Debug|Any CPU.ActiveCfg = Debug|Any CPU
		{DC330220-C240-4819-9B36-09926CCDEC14}.Debug|Any CPU.Build.0 = Debug|Any CPU
		{DC330220-C240-4819-9B36-09926CCDEC14}.Release|Any CPU.ActiveCfg = Release|Any CPU
		{DC330220-C240-4819-9B36-09926CCDEC14}.Release|Any CPU.Build.0 = Release|Any CPU
	EndGlobalSection
EndGlobal
